
Microsoft Visual Studio Solution File, Format Version 12.00
# Visual Studio Version 16
VisualStudioVersion = 16.0.29409.12
MinimumVisualStudioVersion = 10.0.40219.1
Project("{FAE04EC0-301F-11D3-BF4B-00C04F79EFBC}") = "Zza.Services", "Zza.Service\Zza.Services.csproj", "{8066F143-B4A3-4110-94A3-2E011B99DEA8}"
EndProject
Project("{FAE04EC0-301F-11D3-BF4B-00C04F79EFBC}") = "Zza.Data", "Zza.Data\Zza.Data.csproj", "{995B2CC8-7E86-412B-9B5E-C992636E77A8}"
EndProject
Project("{FAE04EC0-301F-11D3-BF4B-00C04F79EFBC}") = "Zza.Entities", "Zza.Entities\Zza.Entities.csproj", "{A37C8137-9B78-43F0-8494-D9110057B607}"
EndProject
Project("{FAE04EC0-301F-11D3-BF4B-00C04F79EFBC}") = "Zza.SelfHost", "Zza.SelfHost\Zza.SelfHost.csproj", "{053741FF-2A97-4B7A-9F31-B58406D8C181}"
EndProject
Project("{FAE04EC0-301F-11D3-BF4B-00C04F79EFBC}") = "Zza.IISHost", "Zza.IISHost\Zza.IISHost.csproj", "{19762795-F99C-449A-AB7F-545225188E8E}"
EndProject
Project("{FAE04EC0-301F-11D3-BF4B-00C04F79EFBC}") = "Zza.Client", "Zza.Client\Zza.Client.csproj", "{303C500B-8C21-40EE-A8E0-C3C3D9A5AC62}"
	ProjectSection(ProjectDependencies) = postProject
		{19762795-F99C-449A-AB7F-545225188E8E} = {19762795-F99C-449A-AB7F-545225188E8E}
	EndProjectSection
EndProject
Project("{FAE04EC0-301F-11D3-BF4B-00C04F79EFBC}") = "Zza.Constants", "Zza.Constants\Zza.Constants.csproj", "{996DCA0C-D66F-4C29-A7D0-24148E760FE1}"
EndProject
Global
	GlobalSection(SolutionConfigurationPlatforms) = preSolution
		Debug|Any CPU = Debug|Any CPU
		Release|Any CPU = Release|Any CPU
	EndGlobalSection
	GlobalSection(ProjectConfigurationPlatforms) = postSolution
		{8066F143-B4A3-4110-94A3-2E011B99DEA8}.Debug|Any CPU.ActiveCfg = Debug|Any CPU
		{8066F143-B4A3-4110-94A3-2E011B99DEA8}.Debug|Any CPU.Build.0 = Debug|Any CPU
		{8066F143-B4A3-4110-94A3-2E011B99DEA8}.Release|Any CPU.ActiveCfg = Release|Any CPU
		{8066F143-B4A3-4110-94A3-2E011B99DEA8}.Release|Any CPU.Build.0 = Release|Any CPU
		{995B2CC8-7E86-412B-9B5E-C992636E77A8}.Debug|Any CPU.ActiveCfg = Debug|Any CPU
		{995B2CC8-7E86-412B-9B5E-C992636E77A8}.Debug|Any CPU.Build.0 = Debug|Any CPU
		{995B2CC8-7E86-412B-9B5E-C992636E77A8}.Release|Any CPU.ActiveCfg = Release|Any CPU
		{995B2CC8-7E86-412B-9B5E-C992636E77A8}.Release|Any CPU.Build.0 = Release|Any CPU
		{A37C8137-9B78-43F0-8494-D9110057B607}.Debug|Any CPU.ActiveCfg = Debug|Any CPU
		{A37C8137-9B78-43F0-8494-D9110057B607}.Debug|Any CPU.Build.0 = Debug|Any CPU
		{A37C8137-9B78-43F0-8494-D9110057B607}.Release|Any CPU.ActiveCfg = Release|Any CPU
		{A37C8137-9B78-43F0-8494-D9110057B607}.Release|Any CPU.Build.0 = Release|Any CPU
		{053741FF-2A97-4B7A-9F31-B58406D8C181}.Debug|Any CPU.ActiveCfg = Debug|Any CPU
		{053741FF-2A97-4B7A-9F31-B58406D8C181}.Debug|Any CPU.Build.0 = Debug|Any CPU
		{053741FF-2A97-4B7A-9F31-B58406D8C181}.Release|Any CPU.ActiveCfg = Release|Any CPU
		{053741FF-2A97-4B7A-9F31-B58406D8C181}.Release|Any CPU.Build.0 = Release|Any CPU
		{19762795-F99C-449A-AB7F-545225188E8E}.Debug|Any CPU.ActiveCfg = Debug|Any CPU
		{19762795-F99C-449A-AB7F-545225188E8E}.Debug|Any CPU.Build.0 = Debug|Any CPU
		{19762795-F99C-449A-AB7F-545225188E8E}.Release|Any CPU.ActiveCfg = Release|Any CPU
		{19762795-F99C-449A-AB7F-545225188E8E}.Release|Any CPU.Build.0 = Release|Any CPU
		{303C500B-8C21-40EE-A8E0-C3C3D9A5AC62}.Debug|Any CPU.ActiveCfg = Debug|Any CPU
		{303C500B-8C21-40EE-A8E0-C3C3D9A5AC62}.Debug|Any CPU.Build.0 = Debug|Any CPU
		{303C500B-8C21-40EE-A8E0-C3C3D9A5AC62}.Release|Any CPU.ActiveCfg = Release|Any CPU
		{303C500B-8C21-40EE-A8E0-C3C3D9A5AC62}.Release|Any CPU.Build.0 = Release|Any CPU
		{996DCA0C-D66F-4C29-A7D0-24148E760FE1}.Debug|Any CPU.ActiveCfg = Debug|Any CPU
		{996DCA0C-D66F-4C29-A7D0-24148E760FE1}.Debug|Any CPU.Build.0 = Debug|Any CPU
		{996DCA0C-D66F-4C29-A7D0-24148E760FE1}.Release|Any CPU.ActiveCfg = Release|Any CPU
		{996DCA0C-D66F-4C29-A7D0-24148E760FE1}.Release|Any CPU.Build.0 = Release|Any CPU
	EndGlobalSection
	GlobalSection(SolutionProperties) = preSolution
		HideSolutionNode = FALSE
	EndGlobalSection
	GlobalSection(ExtensibilityGlobals) = postSolution
		SolutionGuid = {8E87D8D9-42FE-4497-BBB7-0757DE9A6F14}
	EndGlobalSection
EndGlobal
