
Microsoft Visual Studio Solution File, Format Version 12.00
# Visual Studio Version 16
VisualStudioVersion = 16.0.29409.12
MinimumVisualStudioVersion = 10.0.40219.1
Project("{F184B08F-C81C-45F6-A57F-5ABD9991F28F}") = "HelloWCF", "HelloWCF\HelloWCF.vbproj", "{005360F8-8720-4954-83DB-B601D3E14178}"
EndProject
Project("{FAE04EC0-301F-11D3-BF4B-00C04F79EFBC}") = "HelloWCFClient", "HelloWCFClient\HelloWCFClient.csproj", "{1CEC271A-414F-4A5C-9AF0-915296B0DAFC}"
	ProjectSection(ProjectDependencies) = postProject
		{005360F8-8720-4954-83DB-B601D3E14178} = {005360F8-8720-4954-83DB-B601D3E14178}
	EndProjectSection
EndProject
Global
	GlobalSection(SolutionConfigurationPlatforms) = preSolution
		Debug|Any CPU = Debug|Any CPU
		Release|Any CPU = Release|Any CPU
	EndGlobalSection
	GlobalSection(ProjectConfigurationPlatforms) = postSolution
		{005360F8-8720-4954-83DB-B601D3E14178}.Debug|Any CPU.ActiveCfg = Debug|Any CPU
		{005360F8-8720-4954-83DB-B601D3E14178}.Debug|Any CPU.Build.0 = Debug|Any CPU
		{005360F8-8720-4954-83DB-B601D3E14178}.Release|Any CPU.ActiveCfg = Release|Any CPU
		{005360F8-8720-4954-83DB-B601D3E14178}.Release|Any CPU.Build.0 = Release|Any CPU
		{1CEC271A-414F-4A5C-9AF0-915296B0DAFC}.Debug|Any CPU.ActiveCfg = Debug|Any CPU
		{1CEC271A-414F-4A5C-9AF0-915296B0DAFC}.Debug|Any CPU.Build.0 = Debug|Any CPU
		{1CEC271A-414F-4A5C-9AF0-915296B0DAFC}.Release|Any CPU.ActiveCfg = Release|Any CPU
		{1CEC271A-414F-4A5C-9AF0-915296B0DAFC}.Release|Any CPU.Build.0 = Release|Any CPU
	EndGlobalSection
	GlobalSection(SolutionProperties) = preSolution
		HideSolutionNode = FALSE
	EndGlobalSection
	GlobalSection(ExtensibilityGlobals) = postSolution
		SolutionGuid = {9337ED6A-4375-4C4B-9A3D-711EF5004233}
	EndGlobalSection
EndGlobal
