
Microsoft Visual Studio Solution File, Format Version 12.00
# Visual Studio Version 16
VisualStudioVersion = 16.0.29409.12
MinimumVisualStudioVersion = 10.0.40219.1
Project("{FAE04EC0-301F-11D3-BF4B-00C04F79EFBC}") = "HelloWCF", "HelloWCF\HelloWCF.csproj", "{73E7B359-75B1-487D-94A4-C3A4E197C308}"
EndProject
Project("{FAE04EC0-301F-11D3-BF4B-00C04F79EFBC}") = "HelloWCFClient", "HelloWCFClient\HelloWCFClient.csproj", "{359734BD-D37E-47F1-83B4-89D9E0D724B0}"
	ProjectSection(ProjectDependencies) = postProject
		{73E7B359-75B1-487D-94A4-C3A4E197C308} = {73E7B359-75B1-487D-94A4-C3A4E197C308}
	EndProjectSection
EndProject
Global
	GlobalSection(SolutionConfigurationPlatforms) = preSolution
		Debug|Any CPU = Debug|Any CPU
		Release|Any CPU = Release|Any CPU
	EndGlobalSection
	GlobalSection(ProjectConfigurationPlatforms) = postSolution
		{73E7B359-75B1-487D-94A4-C3A4E197C308}.Debug|Any CPU.ActiveCfg = Debug|Any CPU
		{73E7B359-75B1-487D-94A4-C3A4E197C308}.Debug|Any CPU.Build.0 = Debug|Any CPU
		{73E7B359-75B1-487D-94A4-C3A4E197C308}.Release|Any CPU.ActiveCfg = Release|Any CPU
		{73E7B359-75B1-487D-94A4-C3A4E197C308}.Release|Any CPU.Build.0 = Release|Any CPU
		{359734BD-D37E-47F1-83B4-89D9E0D724B0}.Debug|Any CPU.ActiveCfg = Debug|Any CPU
		{359734BD-D37E-47F1-83B4-89D9E0D724B0}.Debug|Any CPU.Build.0 = Debug|Any CPU
		{359734BD-D37E-47F1-83B4-89D9E0D724B0}.Release|Any CPU.ActiveCfg = Release|Any CPU
		{359734BD-D37E-47F1-83B4-89D9E0D724B0}.Release|Any CPU.Build.0 = Release|Any CPU
	EndGlobalSection
	GlobalSection(SolutionProperties) = preSolution
		HideSolutionNode = FALSE
	EndGlobalSection
	GlobalSection(ExtensibilityGlobals) = postSolution
		SolutionGuid = {9337ED6A-4375-4C4B-9A3D-711EF5004233}
	EndGlobalSection
EndGlobal
